// !$*UTF8*$!
{
	archiveVersion = 1;
	classes = {
	};
	objectVersion = 50;
	objects = {

/* Begin PBXBuildFile section */
		95B03CD92147A11F00A4A83A /* BaseTableViewController.swift in Sources */ = {isa = PBXBuildFile; fileRef = 95B03CCF2147A11F00A4A83A /* BaseTableViewController.swift */; };
		95B03CDA2147A11F00A4A83A /* Assets.xcassets in Resources */ = {isa = PBXBuildFile; fileRef = 95B03CD02147A11F00A4A83A /* Assets.xcassets */; };
		95B03CDB2147A11F00A4A83A /* LaunchScreen.storyboard in Resources */ = {isa = PBXBuildFile; fileRef = 95B03CD12147A11F00A4A83A /* LaunchScreen.storyboard */; };
		95B03CDC2147A11F00A4A83A /* Main.storyboard in Resources */ = {isa = PBXBuildFile; fileRef = 95B03CD32147A11F00A4A83A /* Main.storyboard */; };
		95B03CDD2147A11F00A4A83A /* NibTableViewCell.swift in Sources */ = {isa = PBXBuildFile; fileRef = 95B03CD52147A11F00A4A83A /* NibTableViewCell.swift */; };
		95B03CDE2147A11F00A4A83A /* AppDelegate.swift in Sources */ = {isa = PBXBuildFile; fileRef = 95B03CD62147A11F00A4A83A /* AppDelegate.swift */; };
		95B03CE02147A11F00A4A83A /* NibTableViewCell.xib in Resources */ = {isa = PBXBuildFile; fileRef = 95B03CD82147A11F00A4A83A /* NibTableViewCell.xib */; };
		95B03CE22147A3A300A4A83A /* TestTableViewController.swift in Sources */ = {isa = PBXBuildFile; fileRef = 95B03CE12147A3A300A4A83A /* TestTableViewController.swift */; };
/* End PBXBuildFile section */

/* Begin PBXFileReference section */
		9585964921256D7900F350C9 /* GenericsBaseTableViewController.app */ = {isa = PBXFileReference; explicitFileType = wrapper.application; includeInIndex = 0; path = GenericsBaseTableViewController.app; sourceTree = BUILT_PRODUCTS_DIR; };
		95B03CCF2147A11F00A4A83A /* BaseTableViewController.swift */ = {isa = PBXFileReference; fileEncoding = 4; lastKnownFileType = sourcecode.swift; path = BaseTableViewController.swift; sourceTree = "<group>"; };
		95B03CD02147A11F00A4A83A /* Assets.xcassets */ = {isa = PBXFileReference; lastKnownFileType = folder.assetcatalog; path = Assets.xcassets; sourceTree = "<group>"; };
		95B03CD22147A11F00A4A83A /* Base */ = {isa = PBXFileReference; lastKnownFileType = file.storyboard; name = Base; path = Base.lproj/LaunchScreen.storyboard; sourceTree = "<group>"; };
		95B03CD42147A11F00A4A83A /* Base */ = {isa = PBXFileReference; lastKnownFileType = file.storyboard; name = Base; path = Base.lproj/Main.storyboard; sourceTree = "<group>"; };
		95B03CD52147A11F00A4A83A /* NibTableViewCell.swift */ = {isa = PBXFileReference; fileEncoding = 4; lastKnownFileType = sourcecode.swift; path = NibTableViewCell.swift; sourceTree = "<group>"; };
		95B03CD62147A11F00A4A83A /* AppDelegate.swift */ = {isa = PBXFileReference; fileEncoding = 4; lastKnownFileType = sourcecode.swift; path = AppDelegate.swift; sourceTree = "<group>"; };
		95B03CD72147A11F00A4A83A /* Info.plist */ = {isa = PBXFileReference; fileEncoding = 4; lastKnownFileType = text.plist.xml; path = Info.plist; sourceTree = "<group>"; };
		95B03CD82147A11F00A4A83A /* NibTableViewCell.xib */ = {isa = PBXFileReference; fileEncoding = 4; lastKnownFileType = file.xib; path = NibTableViewCell.xib; sourceTree = "<group>"; };
		95B03CE12147A3A300A4A83A /* TestTableViewController.swift */ = {isa = PBXFileReference; lastKnownFileType = sourcecode.swift; path = TestTableViewController.swift; sourceTree = "<group>"; };
/* End PBXFileReference section */

/* Begin PBXFrameworksBuildPhase section */
		9585964621256D7900F350C9 /* Frameworks */ = {
			isa = PBXFrameworksBuildPhase;
			buildActionMask = 2147483647;
			files = (
			);
			runOnlyForDeploymentPostprocessing = 0;
		};
/* End PBXFrameworksBuildPhase section */

/* Begin PBXGroup section */
		9585964021256D7900F350C9 = {
			isa = PBXGroup;
			children = (
				95B03CCE2147A11F00A4A83A /* GenericsBaseTableViewController */,
				9585964A21256D7900F350C9 /* Products */,
			);
			sourceTree = "<group>";
		};
		9585964A21256D7900F350C9 /* Products */ = {
			isa = PBXGroup;
			children = (
				9585964921256D7900F350C9 /* GenericsBaseTableViewController.app */,
			);
			name = Products;
			sourceTree = "<group>";
		};
		95B03CCE2147A11F00A4A83A /* GenericsBaseTableViewController */ = {
			isa = PBXGroup;
			children = (
				95B03CCF2147A11F00A4A83A /* BaseTableViewController.swift */,
				95B03CE12147A3A300A4A83A /* TestTableViewController.swift */,
				95B03CD02147A11F00A4A83A /* Assets.xcassets */,
				95B03CD12147A11F00A4A83A /* LaunchScreen.storyboard */,
				95B03CD32147A11F00A4A83A /* Main.storyboard */,
				95B03CD52147A11F00A4A83A /* NibTableViewCell.swift */,
				95B03CD82147A11F00A4A83A /* NibTableViewCell.xib */,
				95B03CD62147A11F00A4A83A /* AppDelegate.swift */,
				95B03CD72147A11F00A4A83A /* Info.plist */,
			);
			path = GenericsBaseTableViewController;
			sourceTree = "<group>";
		};
/* End PBXGroup section */

/* Begin PBXNativeTarget section */
		9585964821256D7900F350C9 /* GenericsBaseTableViewController */ = {
			isa = PBXNativeTarget;
			buildConfigurationList = 9585965B21256D7B00F350C9 /* Build configuration list for PBXNativeTarget "GenericsBaseTableViewController" */;
			buildPhases = (
				9585964521256D7900F350C9 /* Sources */,
				9585964621256D7900F350C9 /* Frameworks */,
				9585964721256D7900F350C9 /* Resources */,
			);
			buildRules = (
			);
			dependencies = (
			);
			name = GenericsBaseTableViewController;
			productName = CCBaseTableViewController;
			productReference = 9585964921256D7900F350C9 /* GenericsBaseTableViewController.app */;
			productType = "com.apple.product-type.application";
		};
/* End PBXNativeTarget section */

/* Begin PBXProject section */
		9585964121256D7900F350C9 /* Project object */ = {
			isa = PBXProject;
			attributes = {
				LastSwiftUpdateCheck = 0940;
				LastUpgradeCheck = 0940;
				ORGANIZATIONNAME = Apple;
				TargetAttributes = {
					9585964821256D7900F350C9 = {
						CreatedOnToolsVersion = 9.4.1;
					};
				};
			};
			buildConfigurationList = 9585964421256D7900F350C9 /* Build configuration list for PBXProject "GenericsBaseTableViewController" */;
			compatibilityVersion = "Xcode 9.3";
			developmentRegion = en;
			hasScannedForEncodings = 0;
			knownRegions = (
				en,
				Base,
			);
			mainGroup = 9585964021256D7900F350C9;
			productRefGroup = 9585964A21256D7900F350C9 /* Products */;
			projectDirPath = "";
			projectRoot = "";
			targets = (
				9585964821256D7900F350C9 /* GenericsBaseTableViewController */,
			);
		};
/* End PBXProject section */

/* Begin PBXResourcesBuildPhase section */
		9585964721256D7900F350C9 /* Resources */ = {
			isa = PBXResourcesBuildPhase;
			buildActionMask = 2147483647;
			files = (
				95B03CE02147A11F00A4A83A /* NibTableViewCell.xib in Resources */,
				95B03CDC2147A11F00A4A83A /* Main.storyboard in Resources */,
				95B03CDB2147A11F00A4A83A /* LaunchScreen.storyboard in Resources */,
				95B03CDA2147A11F00A4A83A /* Assets.xcassets in Resources */,
			);
			runOnlyForDeploymentPostprocessing = 0;
		};
/* End PBXResourcesBuildPhase section */

/* Begin PBXSourcesBuildPhase section */
		9585964521256D7900F350C9 /* Sources */ = {
			isa = PBXSourcesBuildPhase;
			buildActionMask = 2147483647;
			files = (
				95B03CDE2147A11F00A4A83A /* AppDelegate.swift in Sources */,
				95B03CD92147A11F00A4A83A /* BaseTableViewController.swift in Sources */,
				95B03CDD2147A11F00A4A83A /* NibTableViewCell.swift in Sources */,
				95B03CE22147A3A300A4A83A /* TestTableViewController.swift in Sources */,
			);
			runOnlyForDeploymentPostprocessing = 0;
		};
/* End PBXSourcesBuildPhase section */

/* Begin PBXVariantGroup section */
		95B03CD12147A11F00A4A83A /* LaunchScreen.storyboard */ = {
			isa = PBXVariantGroup;
			children = (
				95B03CD22147A11F00A4A83A /* Base */,
			);
			name = LaunchScreen.storyboard;
			sourceTree = "<group>";
		};
		95B03CD32147A11F00A4A83A /* Main.storyboard */ = {
			isa = PBXVariantGroup;
			children = (
				95B03CD42147A11F00A4A83A /* Base */,
			);
			name = Main.storyboard;
			sourceTree = "<group>";
		};
/* End PBXVariantGroup section */

/* Begin XCBuildConfiguration section */
		9585965921256D7B00F350C9 /* Debug */ = {
			isa = XCBuildConfiguration;
			buildSettings = {
				ALWAYS_SEARCH_USER_PATHS = NO;
				CLANG_ANALYZER_NONNULL = YES;
				CLANG_ANALYZER_NUMBER_OBJECT_CONVERSION = YES_AGGRESSIVE;
				CLANG_CXX_LANGUAGE_STANDARD = "gnu++14";
				CLANG_CXX_LIBRARY = "libc++";
				CLANG_ENABLE_MODULES = YES;
				CLANG_ENABLE_OBJC_ARC = YES;
				CLANG_ENABLE_OBJC_WEAK = YES;
				CLANG_WARN_BLOCK_CAPTURE_AUTORELEASING = YES;
				CLANG_WARN_BOOL_CONVERSION = YES;
				CLANG_WARN_COMMA = YES;
				CLANG_WARN_CONSTANT_CONVERSION = YES;
				CLANG_WARN_DEPRECATED_OBJC_IMPLEMENTATIONS = YES;
				CLANG_WARN_DIRECT_OBJC_ISA_USAGE = YES_ERROR;
				CLANG_WARN_DOCUMENTATION_COMMENTS = YES;
				CLANG_WARN_EMPTY_BODY = YES;
				CLANG_WARN_ENUM_CONVERSION = YES;
				CLANG_WARN_INFINITE_RECURSION = YES;
				CLANG_WARN_INT_CONVERSION = YES;
				CLANG_WARN_NON_LITERAL_NULL_CONVERSION = YES;
				CLANG_WARN_OBJC_IMPLICIT_RETAIN_SELF = YES;
				CLANG_WARN_OBJC_LITERAL_CONVERSION = YES;
				CLANG_WARN_OBJC_ROOT_CLASS = YES_ERROR;
				CLANG_WARN_RANGE_LOOP_ANALYSIS = YES;
				CLANG_WARN_STRICT_PROTOTYPES = YES;
				CLANG_WARN_SUSPICIOUS_MOVE = YES;
				CLANG_WARN_UNGUARDED_AVAILABILITY = YES_AGGRESSIVE;
				CLANG_WARN_UNREACHABLE_CODE = YES;
				CLANG_WARN__DUPLICATE_METHOD_MATCH = YES;
				CODE_SIGN_IDENTITY = "iPhone Developer";
				COPY_PHASE_STRIP = NO;
				DEBUG_INFORMATION_FORMAT = dwarf;
				ENABLE_STRICT_OBJC_MSGSEND = YES;
				ENABLE_TESTABILITY = YES;
				GCC_C_LANGUAGE_STANDARD = gnu11;
				GCC_DYNAMIC_NO_PIC = NO;
				GCC_NO_COMMON_BLOCKS = YES;
				GCC_OPTIMIZATION_LEVEL = 0;
				GCC_PREPROCESSOR_DEFINITIONS = (
					"DEBUG=1",
					"$(inherited)",
				);
				GCC_WARN_64_TO_32_BIT_CONVERSION = YES;
				GCC_WARN_ABOUT_RETURN_TYPE = YES_ERROR;
				GCC_WARN_UNDECLARED_SELECTOR = YES;
				GCC_WARN_UNINITIALIZED_AUTOS = YES_AGGRESSIVE;
				GCC_WARN_UNUSED_FUNCTION = YES;
				GCC_WARN_UNUSED_VARIABLE = YES;
				IPHONEOS_DEPLOYMENT_TARGET = 11.4;
				MTL_ENABLE_DEBUG_INFO = YES;
				ONLY_ACTIVE_ARCH = YES;
				SDKROOT = iphoneos;
				SWIFT_ACTIVE_COMPILATION_CONDITIONS = DEBUG;
				SWIFT_OPTIMIZATION_LEVEL = "-Onone";
			};
			name = Debug;
		};
		9585965A21256D7B00F350C9 /* Release */ = {
			isa = XCBuildConfiguration;
			buildSettings = {
				ALWAYS_SEARCH_USER_PATHS = NO;
				CLANG_ANALYZER_NONNULL = YES;
				CLANG_ANALYZER_NUMBER_OBJECT_CONVERSION = YES_AGGRESSIVE;
				CLANG_CXX_LANGUAGE_STANDARD = "gnu++14";
				CLANG_CXX_LIBRARY = "libc++";
				CLANG_ENABLE_MODULES = YES;
				CLANG_ENABLE_OBJC_ARC = YES;
				CLANG_ENABLE_OBJC_WEAK = YES;
				CLANG_WARN_BLOCK_CAPTURE_AUTORELEASING = YES;
				CLANG_WARN_BOOL_CONVERSION = YES;
				CLANG_WARN_COMMA = YES;
				CLANG_WARN_CONSTANT_CONVERSION = YES;
				CLANG_WARN_DEPRECATED_OBJC_IMPLEMENTATIONS = YES;
				CLANG_WARN_DIRECT_OBJC_ISA_USAGE = YES_ERROR;
				CLANG_WARN_DOCUMENTATION_COMMENTS = YES;
				CLANG_WARN_EMPTY_BODY = YES;
				CLANG_WARN_ENUM_CONVERSION = YES;
				CLANG_WARN_INFINITE_RECURSION = YES;
				CLANG_WARN_INT_CONVERSION = YES;
				CLANG_WARN_NON_LITERAL_NULL_CONVERSION = YES;
				CLANG_WARN_OBJC_IMPLICIT_RETAIN_SELF = YES;
				CLANG_WARN_OBJC_LITERAL_CONVERSION = YES;
				CLANG_WARN_OBJC_ROOT_CLASS = YES_ERROR;
				CLANG_WARN_RANGE_LOOP_ANALYSIS = YES;
				CLANG_WARN_STRICT_PROTOTYPES = YES;
				CLANG_WARN_SUSPICIOUS_MOVE = YES;
				CLANG_WARN_UNGUARDED_AVAILABILITY = YES_AGGRESSIVE;
				CLANG_WARN_UNREACHABLE_CODE = YES;
				CLANG_WARN__DUPLICATE_METHOD_MATCH = YES;
				CODE_SIGN_IDENTITY = "iPhone Developer";
				COPY_PHASE_STRIP = NO;
				DEBUG_INFORMATION_FORMAT = "dwarf-with-dsym";
				ENABLE_NS_ASSERTIONS = NO;
				ENABLE_STRICT_OBJC_MSGSEND = YES;
				GCC_C_LANGUAGE_STANDARD = gnu11;
				GCC_NO_COMMON_BLOCKS = YES;
				GCC_WARN_64_TO_32_BIT_CONVERSION = YES;
				GCC_WARN_ABOUT_RETURN_TYPE = YES_ERROR;
				GCC_WARN_UNDECLARED_SELECTOR = YES;
				GCC_WARN_UNINITIALIZED_AUTOS = YES_AGGRESSIVE;
				GCC_WARN_UNUSED_FUNCTION = YES;
				GCC_WARN_UNUSED_VARIABLE = YES;
				IPHONEOS_DEPLOYMENT_TARGET = 11.4;
				MTL_ENABLE_DEBUG_INFO = NO;
				SDKROOT = iphoneos;
				SWIFT_COMPILATION_MODE = wholemodule;
				SWIFT_OPTIMIZATION_LEVEL = "-O";
				VALIDATE_PRODUCT = YES;
			};
			name = Release;
		};
		9585965C21256D7B00F350C9 /* Debug */ = {
			isa = XCBuildConfiguration;
			buildSettings = {
				ASSETCATALOG_COMPILER_APPICON_NAME = AppIcon;
				CODE_SIGN_STYLE = Manual;
				DEVELOPMENT_TEAM = "";
				INFOPLIST_FILE = GenericsBaseTableViewController/Info.plist;
				LD_RUNPATH_SEARCH_PATHS = (
					"$(inherited)",
					"@executable_path/Frameworks",
				);
				PRODUCT_BUNDLE_IDENTIFIER = com.testapp.GenericsBaseTableViewController;
				PRODUCT_NAME = "$(TARGET_NAME)";
				PROVISIONING_PROFILE_SPECIFIER = "";
				SWIFT_VERSION = 4.0;
				TARGETED_DEVICE_FAMILY = "1,2";
			};
			name = Debug;
		};
		9585965D21256D7B00F350C9 /* Release */ = {
			isa = XCBuildConfiguration;
			buildSettings = {
				ASSETCATALOG_COMPILER_APPICON_NAME = AppIcon;
				CODE_SIGN_STYLE = Manual;
				DEVELOPMENT_TEAM = "";
				INFOPLIST_FILE = GenericsBaseTableViewController/Info.plist;
				LD_RUNPATH_SEARCH_PATHS = (
					"$(inherited)",
					"@executable_path/Frameworks",
				);
				PRODUCT_BUNDLE_IDENTIFIER = com.testapp.GenericsBaseTableViewController;
				PRODUCT_NAME = "$(TARGET_NAME)";
				PROVISIONING_PROFILE_SPECIFIER = "";
				SWIFT_VERSION = 4.0;
				TARGETED_DEVICE_FAMILY = "1,2";
			};
			name = Release;
		};
/* End XCBuildConfiguration section */

/* Begin XCConfigurationList section */
		9585964421256D7900F350C9 /* Build configuration list for PBXProject "GenericsBaseTableViewController" */ = {
			isa = XCConfigurationList;
			buildConfigurations = (
				9585965921256D7B00F350C9 /* Debug */,
				9585965A21256D7B00F350C9 /* Release */,
			);
			defaultConfigurationIsVisible = 0;
			defaultConfigurationName = Release;
		};
		9585965B21256D7B00F350C9 /* Build configuration list for PBXNativeTarget "GenericsBaseTableViewController" */ = {
			isa = XCConfigurationList;
			buildConfigurations = (
				9585965C21256D7B00F350C9 /* Debug */,
				9585965D21256D7B00F350C9 /* Release */,
			);
			defaultConfigurationIsVisible = 0;
			defaultConfigurationName = Release;
		};
/* End XCConfigurationList section */
	};
	rootObject = 9585964121256D7900F350C9 /* Project object */;
}
